
Microsoft Visual Studio Solution File, Format Version 12.00
# Visual Studio 15
VisualStudioVersion = 15.0.28307.1000
MinimumVisualStudioVersion = 10.0.40219.1
Project("{FAE04EC0-301F-11D3-BF4B-00C04F79EFBC}") = "FetchDocs", "FetchDocs\FetchDocs.csproj", "{3B175F59-8B88-4D44-A9EC-1DBC835BA100}"
EndProject
Project("{FAE04EC0-301F-11D3-BF4B-00C04F79EFBC}") = "FetchDocs.Tests", "FetchDocs.Tests\FetchDocs.Tests.csproj", "{CC6305D4-E102-4167-A842-90872D63E405}"
EndProject
Global
	GlobalSection(SolutionConfigurationPlatforms) = preSolution
		Debug|Any CPU = Debug|Any CPU
		Release|Any CPU = Release|Any CPU
	EndGlobalSection
	GlobalSection(ProjectConfigurationPlatforms) = postSolution
		{3B175F59-8B88-4D44-A9EC-1DBC835BA100}.Debug|Any CPU.ActiveCfg = Debug|Any CPU
		{3B175F59-8B88-4D44-A9EC-1DBC835BA100}.Debug|Any CPU.Build.0 = Debug|Any CPU
		{3B175F59-8B88-4D44-A9EC-1DBC835BA100}.Release|Any CPU.ActiveCfg = Release|Any CPU
		{3B175F59-8B88-4D44-A9EC-1DBC835BA100}.Release|Any CPU.Build.0 = Release|Any CPU
		{CC6305D4-E102-4167-A842-90872D63E405}.Debug|Any CPU.ActiveCfg = Debug|Any CPU
		{CC6305D4-E102-4167-A842-90872D63E405}.Debug|Any CPU.Build.0 = Debug|Any CPU
		{CC6305D4-E102-4167-A842-90872D63E405}.Release|Any CPU.ActiveCfg = Release|Any CPU
		{CC6305D4-E102-4167-A842-90872D63E405}.Release|Any CPU.Build.0 = Release|Any CPU
	EndGlobalSection
	GlobalSection(SolutionProperties) = preSolution
		HideSolutionNode = FALSE
	EndGlobalSection
	GlobalSection(ExtensibilityGlobals) = postSolution
		SolutionGuid = {D9953841-FF10-4A4B-A243-14B165EF8413}
	EndGlobalSection
EndGlobal
